
Microsoft Visual Studio Solution File, Format Version 12.00
# Visual Studio Version 17
VisualStudioVersion = 17.1.32228.430
MinimumVisualStudioVersion = 10.0.40219.1
Project("{FAE04EC0-301F-11D3-BF4B-00C04F79EFBC}") = "DoNetDrive.Protocol.Fingerprint.Test", "DoNetDrive.Protocol.Fingerprint.Test\DoNetDrive.Protocol.Fingerprint.Test.csproj", "{57AF3F61-0A46-4BEB-A474-D21A0A07F4D1}"
EndProject
Global
	GlobalSection(SolutionConfigurationPlatforms) = preSolution
		Debug|Any CPU = Debug|Any CPU
		Debug|x86 = Debug|x86
		Release|Any CPU = Release|Any CPU
		Release|x86 = Release|x86
	EndGlobalSection
	GlobalSection(ProjectConfigurationPlatforms) = postSolution
		{57AF3F61-0A46-4BEB-A474-D21A0A07F4D1}.Debug|Any CPU.ActiveCfg = Debug|Any CPU
		{57AF3F61-0A46-4BEB-A474-D21A0A07F4D1}.Debug|Any CPU.Build.0 = Debug|Any CPU
		{57AF3F61-0A46-4BEB-A474-D21A0A07F4D1}.Debug|x86.ActiveCfg = Debug|Win32
		{57AF3F61-0A46-4BEB-A474-D21A0A07F4D1}.Debug|x86.Build.0 = Debug|Win32
		{57AF3F61-0A46-4BEB-A474-D21A0A07F4D1}.Release|Any CPU.ActiveCfg = Release|Any CPU
		{57AF3F61-0A46-4BEB-A474-D21A0A07F4D1}.Release|Any CPU.Build.0 = Release|Any CPU
		{57AF3F61-0A46-4BEB-A474-D21A0A07F4D1}.Release|x86.ActiveCfg = Release|Win32
		{57AF3F61-0A46-4BEB-A474-D21A0A07F4D1}.Release|x86.Build.0 = Release|Win32
	EndGlobalSection
	GlobalSection(SolutionProperties) = preSolution
		HideSolutionNode = FALSE
	EndGlobalSection
	GlobalSection(ExtensibilityGlobals) = postSolution
		SolutionGuid = {2597CD71-1BA9-47D1-B932-EF7A60A242EF}
	EndGlobalSection
EndGlobal
